
Microsoft Visual Studio Solution File, Format Version 12.00
# Visual Studio Express 2013 for Windows Desktop
VisualStudioVersion = 12.0.40629.0
MinimumVisualStudioVersion = 10.0.40219.1
Project("{8BC9CEB8-8B4A-11D0-8D11-00A0C91BC942}") = "GraphysX", "GraphysX.vcxproj", "{CE7E0023-96B8-4C09-936B-8544D714FD22}"
EndProject
Project("{8BC9CEB8-8B4A-11D0-8D11-00A0C91BC942}") = "BallZ", "..\Scene3D\Scene3D.vcxproj", "{D8D28690-8A19-4728-BB6A-4BD363495193}"
	ProjectSection(ProjectDependencies) = postProject
		{CE7E0023-96B8-4C09-936B-8544D714FD22} = {CE7E0023-96B8-4C09-936B-8544D714FD22}
	EndProjectSection
EndProject
Project("{8BC9CEB8-8B4A-11D0-8D11-00A0C91BC942}") = "GraphysXConsole", "..\ConsoleApplication1\ConsoleApplication1.vcxproj", "{8E942A96-8CB5-48BD-A245-AC1FECA7108F}"
	ProjectSection(ProjectDependencies) = postProject
		{CE7E0023-96B8-4C09-936B-8544D714FD22} = {CE7E0023-96B8-4C09-936B-8544D714FD22}
	EndProjectSection
EndProject
Project("{FAE04EC0-301F-11D3-BF4B-00C04F79EFBC}") = "ArduinoGUI", "..\ArduinoGUI\ArduinoGUI\ArduinoGUI.csproj", "{03D25471-78A7-4726-83AA-DF97571E823F}"
EndProject
Project("{8BC9CEB8-8B4A-11D0-8D11-00A0C91BC942}") = "GfxNet", "..\GfxNet\GfxNet.vcxproj", "{C365396C-0E5D-4337-8347-EDCFB02822A3}"
EndProject
Global
	GlobalSection(TeamFoundationVersionControl) = preSolution
		SccNumberOfProjects = 6
		SccEnterpriseProvider = {4CA58AB2-18FA-4F8D-95D4-32DDF27D184C}
		SccTeamFoundationServer = https://specialblend.visualstudio.com/defaultcollection
		SccLocalPath0 = .
		SccProjectUniqueName1 = GraphysX.vcxproj
		SccLocalPath1 = .
		SccProjectUniqueName2 = ..\\Scene3D\\Scene3D.vcxproj
		SccProjectName2 = ../Scene3D
		SccLocalPath2 = ..\\Scene3D
		SccProjectUniqueName3 = ..\\ConsoleApplication1\\ConsoleApplication1.vcxproj
		SccProjectName3 = ../ConsoleApplication1
		SccLocalPath3 = ..\\ConsoleApplication1
		SccProjectUniqueName4 = ..\\ArduinoGUI\\ArduinoGUI\\ArduinoGUI.csproj
		SccProjectName4 = ../ArduinoGUI/ArduinoGUI
		SccLocalPath4 = ..\\ArduinoGUI\\ArduinoGUI
		SccProjectUniqueName5 = ..\\GfxNet\\GfxNet.vcxproj
		SccProjectName5 = ../GfxNet
		SccLocalPath5 = ..\\GfxNet
	EndGlobalSection
	GlobalSection(SolutionConfigurationPlatforms) = preSolution
		Debug|Any CPU = Debug|Any CPU
		Debug|Mixed Platforms = Debug|Mixed Platforms
		Debug|Win32 = Debug|Win32
		Debug|x64 = Debug|x64
		debugDll|Any CPU = debugDll|Any CPU
		debugDll|Mixed Platforms = debugDll|Mixed Platforms
		debugDll|Win32 = debugDll|Win32
		debugDll|x64 = debugDll|x64
		Release|Any CPU = Release|Any CPU
		Release|Mixed Platforms = Release|Mixed Platforms
		Release|Win32 = Release|Win32
		Release|x64 = Release|x64
		releaseDll|Any CPU = releaseDll|Any CPU
		releaseDll|Mixed Platforms = releaseDll|Mixed Platforms
		releaseDll|Win32 = releaseDll|Win32
		releaseDll|x64 = releaseDll|x64
	EndGlobalSection
	GlobalSection(ProjectConfigurationPlatforms) = postSolution
		{CE7E0023-96B8-4C09-936B-8544D714FD22}.Debug|Any CPU.ActiveCfg = Debug|Win32
		{CE7E0023-96B8-4C09-936B-8544D714FD22}.Debug|Any CPU.Build.0 = Debug|Win32
		{CE7E0023-96B8-4C09-936B-8544D714FD22}.Debug|Mixed Platforms.ActiveCfg = Debug|Win32
		{CE7E0023-96B8-4C09-936B-8544D714FD22}.Debug|Mixed Platforms.Build.0 = Debug|Win32
		{CE7E0023-96B8-4C09-936B-8544D714FD22}.Debug|Win32.ActiveCfg = Debug|Win32
		{CE7E0023-96B8-4C09-936B-8544D714FD22}.Debug|Win32.Build.0 = Debug|Win32
		{CE7E0023-96B8-4C09-936B-8544D714FD22}.Debug|x64.ActiveCfg = Debug|Win32
		{CE7E0023-96B8-4C09-936B-8544D714FD22}.debugDll|Any CPU.ActiveCfg = Debug|Win32
		{CE7E0023-96B8-4C09-936B-8544D714FD22}.debugDll|Mixed Platforms.ActiveCfg = Debug|Win32
		{CE7E0023-96B8-4C09-936B-8544D714FD22}.debugDll|Mixed Platforms.Build.0 = Debug|Win32
		{CE7E0023-96B8-4C09-936B-8544D714FD22}.debugDll|Win32.ActiveCfg = Debug|Win32
		{CE7E0023-96B8-4C09-936B-8544D714FD22}.debugDll|Win32.Build.0 = Debug|Win32
		{CE7E0023-96B8-4C09-936B-8544D714FD22}.debugDll|x64.ActiveCfg = Debug|Win32
		{CE7E0023-96B8-4C09-936B-8544D714FD22}.Release|Any CPU.ActiveCfg = Release|Win32
		{CE7E0023-96B8-4C09-936B-8544D714FD22}.Release|Mixed Platforms.ActiveCfg = Release|Win32
		{CE7E0023-96B8-4C09-936B-8544D714FD22}.Release|Mixed Platforms.Build.0 = Release|Win32
		{CE7E0023-96B8-4C09-936B-8544D714FD22}.Release|Win32.ActiveCfg = Release|Win32
		{CE7E0023-96B8-4C09-936B-8544D714FD22}.Release|Win32.Build.0 = Release|Win32
		{CE7E0023-96B8-4C09-936B-8544D714FD22}.Release|x64.ActiveCfg = Release|Win32
		{CE7E0023-96B8-4C09-936B-8544D714FD22}.releaseDll|Any CPU.ActiveCfg = Release|Win32
		{CE7E0023-96B8-4C09-936B-8544D714FD22}.releaseDll|Mixed Platforms.ActiveCfg = Release|Win32
		{CE7E0023-96B8-4C09-936B-8544D714FD22}.releaseDll|Mixed Platforms.Build.0 = Release|Win32
		{CE7E0023-96B8-4C09-936B-8544D714FD22}.releaseDll|Win32.ActiveCfg = Release|Win32
		{CE7E0023-96B8-4C09-936B-8544D714FD22}.releaseDll|Win32.Build.0 = Release|Win32
		{CE7E0023-96B8-4C09-936B-8544D714FD22}.releaseDll|x64.ActiveCfg = Release|Win32
		{D8D28690-8A19-4728-BB6A-4BD363495193}.Debug|Any CPU.ActiveCfg = Debug|Win32
		{D8D28690-8A19-4728-BB6A-4BD363495193}.Debug|Any CPU.Build.0 = Debug|Win32
		{D8D28690-8A19-4728-BB6A-4BD363495193}.Debug|Mixed Platforms.ActiveCfg = Debug|Win32
		{D8D28690-8A19-4728-BB6A-4BD363495193}.Debug|Mixed Platforms.Build.0 = Debug|Win32
		{D8D28690-8A19-4728-BB6A-4BD363495193}.Debug|Win32.ActiveCfg = Debug|Win32
		{D8D28690-8A19-4728-BB6A-4BD363495193}.Debug|Win32.Build.0 = Debug|Win32
		{D8D28690-8A19-4728-BB6A-4BD363495193}.Debug|x64.ActiveCfg = Debug|Win32
		{D8D28690-8A19-4728-BB6A-4BD363495193}.debugDll|Any CPU.ActiveCfg = Debug|Win32
		{D8D28690-8A19-4728-BB6A-4BD363495193}.debugDll|Mixed Platforms.ActiveCfg = Debug|Win32
		{D8D28690-8A19-4728-BB6A-4BD363495193}.debugDll|Mixed Platforms.Build.0 = Debug|Win32
		{D8D28690-8A19-4728-BB6A-4BD363495193}.debugDll|Win32.ActiveCfg = Debug|Win32
		{D8D28690-8A19-4728-BB6A-4BD363495193}.debugDll|Win32.Build.0 = Debug|Win32
		{D8D28690-8A19-4728-BB6A-4BD363495193}.debugDll|x64.ActiveCfg = Debug|Win32
		{D8D28690-8A19-4728-BB6A-4BD363495193}.Release|Any CPU.ActiveCfg = Release|Win32
		{D8D28690-8A19-4728-BB6A-4BD363495193}.Release|Mixed Platforms.ActiveCfg = Release|Win32
		{D8D28690-8A19-4728-BB6A-4BD363495193}.Release|Mixed Platforms.Build.0 = Release|Win32
		{D8D28690-8A19-4728-BB6A-4BD363495193}.Release|Win32.ActiveCfg = Release|Win32
		{D8D28690-8A19-4728-BB6A-4BD363495193}.Release|Win32.Build.0 = Release|Win32
		{D8D28690-8A19-4728-BB6A-4BD363495193}.Release|x64.ActiveCfg = Release|Win32
		{D8D28690-8A19-4728-BB6A-4BD363495193}.releaseDll|Any CPU.ActiveCfg = Release|Win32
		{D8D28690-8A19-4728-BB6A-4BD363495193}.releaseDll|Mixed Platforms.ActiveCfg = Release|Win32
		{D8D28690-8A19-4728-BB6A-4BD363495193}.releaseDll|Mixed Platforms.Build.0 = Release|Win32
		{D8D28690-8A19-4728-BB6A-4BD363495193}.releaseDll|Win32.ActiveCfg = Release|Win32
		{D8D28690-8A19-4728-BB6A-4BD363495193}.releaseDll|Win32.Build.0 = Release|Win32
		{D8D28690-8A19-4728-BB6A-4BD363495193}.releaseDll|x64.ActiveCfg = Release|Win32
		{8E942A96-8CB5-48BD-A245-AC1FECA7108F}.Debug|Any CPU.ActiveCfg = Debug|Win32
		{8E942A96-8CB5-48BD-A245-AC1FECA7108F}.Debug|Any CPU.Build.0 = Debug|Win32
		{8E942A96-8CB5-48BD-A245-AC1FECA7108F}.Debug|Mixed Platforms.ActiveCfg = Debug|Win32
		{8E942A96-8CB5-48BD-A245-AC1FECA7108F}.Debug|Mixed Platforms.Build.0 = Debug|Win32
		{8E942A96-8CB5-48BD-A245-AC1FECA7108F}.Debug|Win32.ActiveCfg = Debug|Win32
		{8E942A96-8CB5-48BD-A245-AC1FECA7108F}.Debug|Win32.Build.0 = Debug|Win32
		{8E942A96-8CB5-48BD-A245-AC1FECA7108F}.Debug|x64.ActiveCfg = Debug|Win32
		{8E942A96-8CB5-48BD-A245-AC1FECA7108F}.debugDll|Any CPU.ActiveCfg = Debug|Win32
		{8E942A96-8CB5-48BD-A245-AC1FECA7108F}.debugDll|Mixed Platforms.ActiveCfg = Debug|Win32
		{8E942A96-8CB5-48BD-A245-AC1FECA7108F}.debugDll|Mixed Platforms.Build.0 = Debug|Win32
		{8E942A96-8CB5-48BD-A245-AC1FECA7108F}.debugDll|Win32.ActiveCfg = Debug|Win32
		{8E942A96-8CB5-48BD-A245-AC1FECA7108F}.debugDll|Win32.Build.0 = Debug|Win32
		{8E942A96-8CB5-48BD-A245-AC1FECA7108F}.debugDll|x64.ActiveCfg = Debug|Win32
		{8E942A96-8CB5-48BD-A245-AC1FECA7108F}.Release|Any CPU.ActiveCfg = Release|Win32
		{8E942A96-8CB5-48BD-A245-AC1FECA7108F}.Release|Mixed Platforms.ActiveCfg = Release|Win32
		{8E942A96-8CB5-48BD-A245-AC1FECA7108F}.Release|Mixed Platforms.Build.0 = Release|Win32
		{8E942A96-8CB5-48BD-A245-AC1FECA7108F}.Release|Win32.ActiveCfg = Release|Win32
		{8E942A96-8CB5-48BD-A245-AC1FECA7108F}.Release|Win32.Build.0 = Release|Win32
		{8E942A96-8CB5-48BD-A245-AC1FECA7108F}.Release|x64.ActiveCfg = Release|Win32
		{8E942A96-8CB5-48BD-A245-AC1FECA7108F}.releaseDll|Any CPU.ActiveCfg = Release|Win32
		{8E942A96-8CB5-48BD-A245-AC1FECA7108F}.releaseDll|Mixed Platforms.ActiveCfg = Release|Win32
		{8E942A96-8CB5-48BD-A245-AC1FECA7108F}.releaseDll|Mixed Platforms.Build.0 = Release|Win32
		{8E942A96-8CB5-48BD-A245-AC1FECA7108F}.releaseDll|Win32.ActiveCfg = Release|Win32
		{8E942A96-8CB5-48BD-A245-AC1FECA7108F}.releaseDll|Win32.Build.0 = Release|Win32
		{8E942A96-8CB5-48BD-A245-AC1FECA7108F}.releaseDll|x64.ActiveCfg = Release|Win32
		{03D25471-78A7-4726-83AA-DF97571E823F}.Debug|Any CPU.ActiveCfg = Debug|Any CPU
		{03D25471-78A7-4726-83AA-DF97571E823F}.Debug|Any CPU.Build.0 = Debug|Any CPU
		{03D25471-78A7-4726-83AA-DF97571E823F}.Debug|Mixed Platforms.ActiveCfg = Debug|Any CPU
		{03D25471-78A7-4726-83AA-DF97571E823F}.Debug|Mixed Platforms.Build.0 = Debug|Any CPU
		{03D25471-78A7-4726-83AA-DF97571E823F}.Debug|Win32.ActiveCfg = Debug|Any CPU
		{03D25471-78A7-4726-83AA-DF97571E823F}.Debug|x64.ActiveCfg = Debug|Any CPU
		{03D25471-78A7-4726-83AA-DF97571E823F}.debugDll|Any CPU.ActiveCfg = Debug|Any CPU
		{03D25471-78A7-4726-83AA-DF97571E823F}.debugDll|Any CPU.Build.0 = Debug|Any CPU
		{03D25471-78A7-4726-83AA-DF97571E823F}.debugDll|Mixed Platforms.ActiveCfg = Debug|Any CPU
		{03D25471-78A7-4726-83AA-DF97571E823F}.debugDll|Mixed Platforms.Build.0 = Debug|Any CPU
		{03D25471-78A7-4726-83AA-DF97571E823F}.debugDll|Win32.ActiveCfg = Debug|Any CPU
		{03D25471-78A7-4726-83AA-DF97571E823F}.debugDll|x64.ActiveCfg = Debug|Any CPU
		{03D25471-78A7-4726-83AA-DF97571E823F}.Release|Any CPU.ActiveCfg = Release|Any CPU
		{03D25471-78A7-4726-83AA-DF97571E823F}.Release|Any CPU.Build.0 = Release|Any CPU
		{03D25471-78A7-4726-83AA-DF97571E823F}.Release|Mixed Platforms.ActiveCfg = Release|Any CPU
		{03D25471-78A7-4726-83AA-DF97571E823F}.Release|Mixed Platforms.Build.0 = Release|Any CPU
		{03D25471-78A7-4726-83AA-DF97571E823F}.Release|Win32.ActiveCfg = Release|Any CPU
		{03D25471-78A7-4726-83AA-DF97571E823F}.Release|x64.ActiveCfg = Release|Any CPU
		{03D25471-78A7-4726-83AA-DF97571E823F}.releaseDll|Any CPU.ActiveCfg = Release|Any CPU
		{03D25471-78A7-4726-83AA-DF97571E823F}.releaseDll|Any CPU.Build.0 = Release|Any CPU
		{03D25471-78A7-4726-83AA-DF97571E823F}.releaseDll|Mixed Platforms.ActiveCfg = Release|Any CPU
		{03D25471-78A7-4726-83AA-DF97571E823F}.releaseDll|Mixed Platforms.Build.0 = Release|Any CPU
		{03D25471-78A7-4726-83AA-DF97571E823F}.releaseDll|Win32.ActiveCfg = Release|Any CPU
		{03D25471-78A7-4726-83AA-DF97571E823F}.releaseDll|x64.ActiveCfg = Release|Any CPU
		{C365396C-0E5D-4337-8347-EDCFB02822A3}.Debug|Any CPU.ActiveCfg = Debug|Win32
		{C365396C-0E5D-4337-8347-EDCFB02822A3}.Debug|Mixed Platforms.ActiveCfg = Debug|Win32
		{C365396C-0E5D-4337-8347-EDCFB02822A3}.Debug|Mixed Platforms.Build.0 = Debug|Win32
		{C365396C-0E5D-4337-8347-EDCFB02822A3}.Debug|Win32.ActiveCfg = Debug|Win32
		{C365396C-0E5D-4337-8347-EDCFB02822A3}.Debug|Win32.Build.0 = Debug|Win32
		{C365396C-0E5D-4337-8347-EDCFB02822A3}.Debug|x64.ActiveCfg = Debug|Win32
		{C365396C-0E5D-4337-8347-EDCFB02822A3}.debugDll|Any CPU.ActiveCfg = Debug|Win32
		{C365396C-0E5D-4337-8347-EDCFB02822A3}.debugDll|Mixed Platforms.ActiveCfg = Debug|Win32
		{C365396C-0E5D-4337-8347-EDCFB02822A3}.debugDll|Mixed Platforms.Build.0 = Debug|Win32
		{C365396C-0E5D-4337-8347-EDCFB02822A3}.debugDll|Win32.ActiveCfg = Debug|Win32
		{C365396C-0E5D-4337-8347-EDCFB02822A3}.debugDll|Win32.Build.0 = Debug|Win32
		{C365396C-0E5D-4337-8347-EDCFB02822A3}.debugDll|x64.ActiveCfg = Debug|Win32
		{C365396C-0E5D-4337-8347-EDCFB02822A3}.Release|Any CPU.ActiveCfg = Release|Win32
		{C365396C-0E5D-4337-8347-EDCFB02822A3}.Release|Mixed Platforms.ActiveCfg = Release|Win32
		{C365396C-0E5D-4337-8347-EDCFB02822A3}.Release|Mixed Platforms.Build.0 = Release|Win32
		{C365396C-0E5D-4337-8347-EDCFB02822A3}.Release|Win32.ActiveCfg = Release|Win32
		{C365396C-0E5D-4337-8347-EDCFB02822A3}.Release|Win32.Build.0 = Release|Win32
		{C365396C-0E5D-4337-8347-EDCFB02822A3}.Release|x64.ActiveCfg = Release|Win32
		{C365396C-0E5D-4337-8347-EDCFB02822A3}.releaseDll|Any CPU.ActiveCfg = Release|Win32
		{C365396C-0E5D-4337-8347-EDCFB02822A3}.releaseDll|Mixed Platforms.ActiveCfg = Release|Win32
		{C365396C-0E5D-4337-8347-EDCFB02822A3}.releaseDll|Mixed Platforms.Build.0 = Release|Win32
		{C365396C-0E5D-4337-8347-EDCFB02822A3}.releaseDll|Win32.ActiveCfg = Release|Win32
		{C365396C-0E5D-4337-8347-EDCFB02822A3}.releaseDll|Win32.Build.0 = Release|Win32
		{C365396C-0E5D-4337-8347-EDCFB02822A3}.releaseDll|x64.ActiveCfg = Release|Win32
	EndGlobalSection
	GlobalSection(SolutionProperties) = preSolution
		HideSolutionNode = FALSE
	EndGlobalSection
EndGlobal
