<?xml version="1.0" encoding="utf-8"?>
<Project ToolsVersion="4.0" xmlns="http://schemas.microsoft.com/developer/msbuild/2003">
  <ItemGroup>
    <Filter Include="Tools">
      <UniqueIdentifier>{71957fef-e240-4ed4-823c-723806279845}</UniqueIdentifier>
    </Filter>
    <Filter Include="Entities">
      <UniqueIdentifier>{9ad746af-7b3b-42d5-95e0-088044b9a5fc}</UniqueIdentifier>
    </Filter>
    <Filter Include="RessourceMgr">
      <UniqueIdentifier>{2313d781-bb35-4c9f-92d2-565fddbd5630}</UniqueIdentifier>
    </Filter>
    <Filter Include="Tools\TinyXml">
      <UniqueIdentifier>{b07e725d-bca1-4c3c-81d5-98ae674381e5}</UniqueIdentifier>
    </Filter>
  </ItemGroup>
  <ItemGroup>
    <ClInclude Include="Camera.h" />
    <ClInclude Include="Clock.h" />
    <ClInclude Include="Displayer.h" />
    <ClInclude Include="GraphysXdef.h" />
    <ClInclude Include="Joint.h" />
    <ClInclude Include="Scene.h" />
    <ClInclude Include="Sprite.h" />
    <ClInclude Include="stdafx.h" />
    <ClInclude Include="targetver.h" />
    <ClInclude Include="TV3DMoteur.h" />
    <ClInclude Include="ASCIIFile.h">
      <Filter>Tools</Filter>
    </ClInclude>
    <ClInclude Include="Tools.h">
      <Filter>Tools</Filter>
    </ClInclude>
    <ClInclude Include="Speedo.h">
      <Filter>Tools</Filter>
    </ClInclude>
    <ClInclude Include="CLCEGUI.h" />
    <ClInclude Include="Sound.h" />
    <ClInclude Include="Entity3D.h">
      <Filter>Entities</Filter>
    </ClInclude>
    <ClInclude Include="PhysMatCache.h">
      <Filter>RessourceMgr</Filter>
    </ClInclude>
    <ClInclude Include="ResourceManager.h">
      <Filter>RessourceMgr</Filter>
    </ClInclude>
    <ClInclude Include="SoundCache.h">
      <Filter>RessourceMgr</Filter>
    </ClInclude>
    <ClInclude Include="TextureCache.h">
      <Filter>RessourceMgr</Filter>
    </ClInclude>
    <ClInclude Include="MaterialCache.h">
      <Filter>RessourceMgr</Filter>
    </ClInclude>
    <ClInclude Include="PhysGeom.h">
      <Filter>Entities</Filter>
    </ClInclude>
    <ClInclude Include="KinematicPrimitive.h">
      <Filter>Entities</Filter>
    </ClInclude>
    <ClInclude Include="MeshPrimitive.h">
      <Filter>Entities</Filter>
    </ClInclude>
    <ClInclude Include="Bullet.h">
      <Filter>Entities</Filter>
    </ClInclude>
    <ClInclude Include="Human.h">
      <Filter>Entities</Filter>
    </ClInclude>
    <ClInclude Include="Zombie.h">
      <Filter>Entities</Filter>
    </ClInclude>
    <ClInclude Include="Agent.h">
      <Filter>Entities</Filter>
    </ClInclude>
    <ClInclude Include="ZombieKiller.h">
      <Filter>Entities</Filter>
    </ClInclude>
    <ClInclude Include="PushPlate.h">
      <Filter>Entities</Filter>
    </ClInclude>
    <ClInclude Include="MeshBillboard.h">
      <Filter>Entities</Filter>
    </ClInclude>
    <ClInclude Include="tiny_obj_loader.h">
      <Filter>Tools</Filter>
    </ClInclude>
    <ClInclude Include="DynamicMesh.h">
      <Filter>Entities</Filter>
    </ClInclude>
    <ClInclude Include="..\Deps\Include\TV3D65\TVall.h" />
    <ClInclude Include="Spline3D.h">
      <Filter>Entities</Filter>
    </ClInclude>
    <ClInclude Include="HiResTimer.h">
      <Filter>Tools</Filter>
    </ClInclude>
    <ClInclude Include="tinystr.h">
      <Filter>Tools\TinyXml</Filter>
    </ClInclude>
    <ClInclude Include="tinyxml.h">
      <Filter>Tools\TinyXml</Filter>
    </ClInclude>
    <ClInclude Include="Actor.h">
      <Filter>Entities</Filter>
    </ClInclude>
    <ClInclude Include="Sky.h" />
    <ClInclude Include="Itv.h" />
    <ClInclude Include="ZoneTrigger.h" />
    <ClInclude Include="ParticleEffect.h" />
    <ClInclude Include="GfxEnum.h" />
    <ClInclude Include="STSceneParam.h" />
    <ClInclude Include="STEntityParam.h" />
  </ItemGroup>
  <ItemGroup>
    <ClCompile Include="Camera.cpp" />
    <ClCompile Include="Clock.cpp" />
    <ClCompile Include="Displayer.cpp" />
    <ClCompile Include="dllmain.cpp" />
    <ClCompile Include="Joint.cpp" />
    <ClCompile Include="Scene.cpp" />
    <ClCompile Include="Sprite.cpp" />
    <ClCompile Include="stdafx.cpp" />
    <ClCompile Include="TV3DMoteur.cpp" />
    <ClCompile Include="ASCIIFile.cpp">
      <Filter>Tools</Filter>
    </ClCompile>
    <ClCompile Include="Tools.cpp">
      <Filter>Tools</Filter>
    </ClCompile>
    <ClCompile Include="Speedo.cpp">
      <Filter>Tools</Filter>
    </ClCompile>
    <ClCompile Include="CLCEGUI.cpp" />
    <ClCompile Include="Sound.cpp" />
    <ClCompile Include="Entity3D.cpp">
      <Filter>Entities</Filter>
    </ClCompile>
    <ClCompile Include="ResourceManager.cpp">
      <Filter>RessourceMgr</Filter>
    </ClCompile>
    <ClCompile Include="SoundCache.cpp">
      <Filter>RessourceMgr</Filter>
    </ClCompile>
    <ClCompile Include="TextureCache.cpp">
      <Filter>RessourceMgr</Filter>
    </ClCompile>
    <ClCompile Include="MaterialCache.cpp">
      <Filter>RessourceMgr</Filter>
    </ClCompile>
    <ClCompile Include="PhysMatCache.cpp">
      <Filter>RessourceMgr</Filter>
    </ClCompile>
    <ClCompile Include="PhysGeom.cpp">
      <Filter>Entities</Filter>
    </ClCompile>
    <ClCompile Include="KinematicPrimitive.cpp">
      <Filter>Entities</Filter>
    </ClCompile>
    <ClCompile Include="MeshPrimitive.cpp">
      <Filter>Entities</Filter>
    </ClCompile>
    <ClCompile Include="Bullet.cpp">
      <Filter>Entities</Filter>
    </ClCompile>
    <ClCompile Include="Zombie.cpp">
      <Filter>Entities</Filter>
    </ClCompile>
    <ClCompile Include="Agent.cpp">
      <Filter>Entities</Filter>
    </ClCompile>
    <ClCompile Include="Human.cpp">
      <Filter>Entities</Filter>
    </ClCompile>
    <ClCompile Include="ZombieKiller.cpp">
      <Filter>Entities</Filter>
    </ClCompile>
    <ClCompile Include="PushPlate.cpp">
      <Filter>Entities</Filter>
    </ClCompile>
    <ClCompile Include="MeshBillboard.cpp">
      <Filter>Entities</Filter>
    </ClCompile>
    <ClCompile Include="tiny_obj_loader.cc">
      <Filter>Tools</Filter>
    </ClCompile>
    <ClCompile Include="DynamicMesh.cpp">
      <Filter>Entities</Filter>
    </ClCompile>
    <ClCompile Include="Spline3D.cpp">
      <Filter>Entities</Filter>
    </ClCompile>
    <ClCompile Include="HiResTimer.cpp">
      <Filter>Tools</Filter>
    </ClCompile>
    <ClCompile Include="tinystr.cpp">
      <Filter>Tools\TinyXml</Filter>
    </ClCompile>
    <ClCompile Include="tinyxml.cpp">
      <Filter>Tools\TinyXml</Filter>
    </ClCompile>
    <ClCompile Include="tinyxmlerror.cpp">
      <Filter>Tools\TinyXml</Filter>
    </ClCompile>
    <ClCompile Include="tinyxmlparser.cpp">
      <Filter>Tools\TinyXml</Filter>
    </ClCompile>
    <ClCompile Include="Actor.cpp">
      <Filter>Entities</Filter>
    </ClCompile>
    <ClCompile Include="Sky.cpp" />
    <ClCompile Include="Itv.cpp" />
    <ClCompile Include="ZoneTrigger.cpp" />
    <ClCompile Include="ParticleEffect.cpp" />
    <ClCompile Include="STSceneParam.cpp" />
  </ItemGroup>
</Project>